dependencies:
- name: postgresql
  repository: oci://registry-1.docker.io/bitnamicharts
  version: 16.0.3
- name: mariadb
  repository: oci://registry-1.docker.io/bitnamicharts
  version: 19.1.0
- name: redis
  repository: oci://registry-1.docker.io/bitnamicharts
  version: 20.2.1
- name: memcached
  repository: oci://registry-1.docker.io/bitnamicharts
  version: 7.5.1
- name: meilisearch
  repository: https://meilisearch.github.io/meilisearch-kubernetes
  version: 0.10.1
digest: sha256:3fb70271b7f30bc1a3072252b987b1941e768d3eb7bc26aefd0e18c9eaf7b841
generated: "2024-10-19T23:24:58.299202579+02:00"
