dependencies:
- name: postgresql
  repository: oci://registry-1.docker.io/bitnamicharts
  version: 18.7.3
- name: mariadb
  repository: oci://registry-1.docker.io/bitnamicharts
  version: 26.1.3
- name: redis
  repository: oci://registry-1.docker.io/bitnamicharts
  version: 27.0.8
- name: memcached
  repository: oci://registry-1.docker.io/bitnamicharts
  version: 8.6.1
- name: meilisearch
  repository: https://meilisearch.github.io/meilisearch-kubernetes
  version: 0.32.0
digest: sha256:a9a8b0a1aa4d4c7c03346cc5564ae7682859c61514b960587789bde7aed8034f
generated: "2026-06-13T17:30:32.547663791+02:00"
