dependencies:
- name: postgresql
  repository: https://charts.bitnami.com/bitnami
  version: 16.0.3
- name: mariadb
  repository: https://charts.bitnami.com/bitnami
  version: 19.1.0
- name: redis
  repository: https://charts.bitnami.com/bitnami
  version: 20.2.1
- name: memcached
  repository: https://charts.bitnami.com/bitnami
  version: 7.5.1
- name: meilisearch
  repository: https://meilisearch.github.io/meilisearch-kubernetes
  version: 0.10.1
digest: sha256:4a6e4bcfe5d0d9148a866e294c0c725325af8d28b406dbe3ea908d522b3a8132
generated: "2024-10-18T11:30:25.190830123Z"
